// !$*UTF8*$!
{
	archiveVersion = 1;
	classes = {
	};
	objectVersion = 56;
	objects = {

/* Begin PBXBuildFile section */
		86A4659129A4EB3D00D0E304 /* iWeatherApp.swift in Sources */ = {isa = PBXBuildFile; fileRef = 86A4659029A4EB3D00D0E304 /* iWeatherApp.swift */; };
		86A4659329A4EB3D00D0E304 /* ContentView.swift in Sources */ = {isa = PBXBuildFile; fileRef = 86A4659229A4EB3D00D0E304 /* ContentView.swift */; };
		86A4659529A4EB3F00D0E304 /* Assets.xcassets in Resources */ = {isa = PBXBuildFile; fileRef = 86A4659429A4EB3F00D0E304 /* Assets.xcassets */; };
		86A4659829A4EB3F00D0E304 /* Preview Assets.xcassets in Resources */ = {isa = PBXBuildFile; fileRef = 86A4659729A4EB3F00D0E304 /* Preview Assets.xcassets */; };
		86A465BE29A4EBB100D0E304 /* WeatherModel.swift in Sources */ = {isa = PBXBuildFile; fileRef = 86A465BD29A4EBB100D0E304 /* WeatherModel.swift */; };
		86A465C129A4EE4400D0E304 /* NetworkService.swift in Sources */ = {isa = PBXBuildFile; fileRef = 86A465C029A4EE4400D0E304 /* NetworkService.swift */; };
		86A465C329A4F47C00D0E304 /* WeatherView.swift in Sources */ = {isa = PBXBuildFile; fileRef = 86A465C229A4F47C00D0E304 /* WeatherView.swift */; };
		86A465C529A4F48800D0E304 /* WeatherViewModel.swift in Sources */ = {isa = PBXBuildFile; fileRef = 86A465C429A4F48800D0E304 /* WeatherViewModel.swift */; };
		86A465C729A4F9C200D0E304 /* LocationService.swift in Sources */ = {isa = PBXBuildFile; fileRef = 86A465C629A4F9C200D0E304 /* LocationService.swift */; };
		86EE24BB29B5F80300F845C9 /* Extension.swift in Sources */ = {isa = PBXBuildFile; fileRef = 86EE24BA29B5F80300F845C9 /* Extension.swift */; };
		86EE24BE29B61CDF00F845C9 /* PausableSubscriber.swift in Sources */ = {isa = PBXBuildFile; fileRef = 86EE24BD29B61CDF00F845C9 /* PausableSubscriber.swift */; };
		86EE24C129B61D6B00F845C9 /* NetworkError.swift in Sources */ = {isa = PBXBuildFile; fileRef = 86EE24C029B61D6B00F845C9 /* NetworkError.swift */; };
/* End PBXBuildFile section */

/* Begin PBXContainerItemProxy section */
		86A4659E29A4EB3F00D0E304 /* PBXContainerItemProxy */ = {
			isa = PBXContainerItemProxy;
			containerPortal = 86A4658529A4EB3C00D0E304 /* Project object */;
			proxyType = 1;
			remoteGlobalIDString = 86A4658C29A4EB3D00D0E304;
			remoteInfo = iWeather;
		};
		86A465A829A4EB3F00D0E304 /* PBXContainerItemProxy */ = {
			isa = PBXContainerItemProxy;
			containerPortal = 86A4658529A4EB3C00D0E304 /* Project object */;
			proxyType = 1;
			remoteGlobalIDString = 86A4658C29A4EB3D00D0E304;
			remoteInfo = iWeather;
		};
/* End PBXContainerItemProxy section */

/* Begin PBXFileReference section */
		86A4658D29A4EB3D00D0E304 /* iWeather.app */ = {isa = PBXFileReference; explicitFileType = wrapper.application; includeInIndex = 0; path = iWeather.app; sourceTree = BUILT_PRODUCTS_DIR; };
		86A4659029A4EB3D00D0E304 /* iWeatherApp.swift */ = {isa = PBXFileReference; lastKnownFileType = sourcecode.swift; path = iWeatherApp.swift; sourceTree = "<group>"; };
		86A4659229A4EB3D00D0E304 /* ContentView.swift */ = {isa = PBXFileReference; lastKnownFileType = sourcecode.swift; path = ContentView.swift; sourceTree = "<group>"; };
		86A4659429A4EB3F00D0E304 /* Assets.xcassets */ = {isa = PBXFileReference; lastKnownFileType = folder.assetcatalog; path = Assets.xcassets; sourceTree = "<group>"; };
		86A4659729A4EB3F00D0E304 /* Preview Assets.xcassets */ = {isa = PBXFileReference; lastKnownFileType = folder.assetcatalog; path = "Preview Assets.xcassets"; sourceTree = "<group>"; };
		86A4659D29A4EB3F00D0E304 /* iWeatherTests.xctest */ = {isa = PBXFileReference; explicitFileType = wrapper.cfbundle; includeInIndex = 0; path = iWeatherTests.xctest; sourceTree = BUILT_PRODUCTS_DIR; };
		86A465A729A4EB3F00D0E304 /* iWeatherUITests.xctest */ = {isa = PBXFileReference; explicitFileType = wrapper.cfbundle; includeInIndex = 0; path = iWeatherUITests.xctest; sourceTree = BUILT_PRODUCTS_DIR; };
		86A465BD29A4EBB100D0E304 /* WeatherModel.swift */ = {isa = PBXFileReference; lastKnownFileType = sourcecode.swift; path = WeatherModel.swift; sourceTree = "<group>"; };
		86A465C029A4EE4400D0E304 /* NetworkService.swift */ = {isa = PBXFileReference; lastKnownFileType = sourcecode.swift; path = NetworkService.swift; sourceTree = "<group>"; };
		86A465C229A4F47C00D0E304 /* WeatherView.swift */ = {isa = PBXFileReference; lastKnownFileType = sourcecode.swift; path = WeatherView.swift; sourceTree = "<group>"; };
		86A465C429A4F48800D0E304 /* WeatherViewModel.swift */ = {isa = PBXFileReference; lastKnownFileType = sourcecode.swift; path = WeatherViewModel.swift; sourceTree = "<group>"; };
		86A465C629A4F9C200D0E304 /* LocationService.swift */ = {isa = PBXFileReference; lastKnownFileType = sourcecode.swift; path = LocationService.swift; sourceTree = "<group>"; };
		86A465C829A50C2600D0E304 /* Info.plist */ = {isa = PBXFileReference; lastKnownFileType = text.plist; path = Info.plist; sourceTree = "<group>"; };
		86EE24BA29B5F80300F845C9 /* Extension.swift */ = {isa = PBXFileReference; lastKnownFileType = sourcecode.swift; path = Extension.swift; sourceTree = "<group>"; };
		86EE24BD29B61CDF00F845C9 /* PausableSubscriber.swift */ = {isa = PBXFileReference; lastKnownFileType = sourcecode.swift; path = PausableSubscriber.swift; sourceTree = "<group>"; };
		86EE24C029B61D6B00F845C9 /* NetworkError.swift */ = {isa = PBXFileReference; lastKnownFileType = sourcecode.swift; path = NetworkError.swift; sourceTree = "<group>"; };
/* End PBXFileReference section */

/* Begin PBXFrameworksBuildPhase section */
		86A4658A29A4EB3D00D0E304 /* Frameworks */ = {
			isa = PBXFrameworksBuildPhase;
			buildActionMask = 2147483647;
			files = (
			);
			runOnlyForDeploymentPostprocessing = 0;
		};
		86A4659A29A4EB3F00D0E304 /* Frameworks */ = {
			isa = PBXFrameworksBuildPhase;
			buildActionMask = 2147483647;
			files = (
			);
			runOnlyForDeploymentPostprocessing = 0;
		};
		86A465A429A4EB3F00D0E304 /* Frameworks */ = {
			isa = PBXFrameworksBuildPhase;
			buildActionMask = 2147483647;
			files = (
			);
			runOnlyForDeploymentPostprocessing = 0;
		};
/* End PBXFrameworksBuildPhase section */

/* Begin PBXGroup section */
		86A4658429A4EB3C00D0E304 = {
			isa = PBXGroup;
			children = (
				86A4658F29A4EB3D00D0E304 /* iWeather */,
				86A4658E29A4EB3D00D0E304 /* Products */,
			);
			sourceTree = "<group>";
		};
		86A4658E29A4EB3D00D0E304 /* Products */ = {
			isa = PBXGroup;
			children = (
				86A4658D29A4EB3D00D0E304 /* iWeather.app */,
				86A4659D29A4EB3F00D0E304 /* iWeatherTests.xctest */,
				86A465A729A4EB3F00D0E304 /* iWeatherUITests.xctest */,
			);
			name = Products;
			sourceTree = "<group>";
		};
		86A4658F29A4EB3D00D0E304 /* iWeather */ = {
			isa = PBXGroup;
			children = (
				86A465C829A50C2600D0E304 /* Info.plist */,
				86A465BA29A4EB8F00D0E304 /* View */,
				86A465BB29A4EB9700D0E304 /* ViewModel */,
				86A465BC29A4EBA000D0E304 /* Model */,
				86A465BF29A4EDEE00D0E304 /* Service */,
				86EE24B929B5F7E200F845C9 /* Extension */,
				86EE24BC29B61CB700F845C9 /* Subscribers */,
				86EE24BF29B61D5300F845C9 /* Errors */,
				86EAE8BF29A5AF3000885A03 /* Resurs */,
				86A4659629A4EB3F00D0E304 /* Preview Content */,
			);
			path = iWeather;
			sourceTree = "<group>";
		};
		86A4659629A4EB3F00D0E304 /* Preview Content */ = {
			isa = PBXGroup;
			children = (
				86A4659729A4EB3F00D0E304 /* Preview Assets.xcassets */,
			);
			path = "Preview Content";
			sourceTree = "<group>";
		};
		86A465BA29A4EB8F00D0E304 /* View */ = {
			isa = PBXGroup;
			children = (
				86A4659229A4EB3D00D0E304 /* ContentView.swift */,
				86A465C229A4F47C00D0E304 /* WeatherView.swift */,
			);
			path = View;
			sourceTree = "<group>";
		};
		86A465BB29A4EB9700D0E304 /* ViewModel */ = {
			isa = PBXGroup;
			children = (
				86A465C429A4F48800D0E304 /* WeatherViewModel.swift */,
			);
			path = ViewModel;
			sourceTree = "<group>";
		};
		86A465BC29A4EBA000D0E304 /* Model */ = {
			isa = PBXGroup;
			children = (
				86A465BD29A4EBB100D0E304 /* WeatherModel.swift */,
			);
			path = Model;
			sourceTree = "<group>";
		};
		86A465BF29A4EDEE00D0E304 /* Service */ = {
			isa = PBXGroup;
			children = (
				86A465C029A4EE4400D0E304 /* NetworkService.swift */,
				86A465C629A4F9C200D0E304 /* LocationService.swift */,
			);
			path = Service;
			sourceTree = "<group>";
		};
		86EAE8BF29A5AF3000885A03 /* Resurs */ = {
			isa = PBXGroup;
			children = (
				86A4659429A4EB3F00D0E304 /* Assets.xcassets */,
				86A4659029A4EB3D00D0E304 /* iWeatherApp.swift */,
			);
			path = Resurs;
			sourceTree = "<group>";
		};
		86EE24B929B5F7E200F845C9 /* Extension */ = {
			isa = PBXGroup;
			children = (
				86EE24BA29B5F80300F845C9 /* Extension.swift */,
			);
			path = Extension;
			sourceTree = "<group>";
		};
		86EE24BC29B61CB700F845C9 /* Subscribers */ = {
			isa = PBXGroup;
			children = (
				86EE24BD29B61CDF00F845C9 /* PausableSubscriber.swift */,
			);
			path = Subscribers;
			sourceTree = "<group>";
		};
		86EE24BF29B61D5300F845C9 /* Errors */ = {
			isa = PBXGroup;
			children = (
				86EE24C029B61D6B00F845C9 /* NetworkError.swift */,
			);
			path = Errors;
			sourceTree = "<group>";
		};
/* End PBXGroup section */

/* Begin PBXNativeTarget section */
		86A4658C29A4EB3D00D0E304 /* iWeather */ = {
			isa = PBXNativeTarget;
			buildConfigurationList = 86A465B129A4EB3F00D0E304 /* Build configuration list for PBXNativeTarget "iWeather" */;
			buildPhases = (
				86A4658929A4EB3D00D0E304 /* Sources */,
				86A4658A29A4EB3D00D0E304 /* Frameworks */,
				86A4658B29A4EB3D00D0E304 /* Resources */,
			);
			buildRules = (
			);
			dependencies = (
			);
			name = iWeather;
			productName = iWeather;
			productReference = 86A4658D29A4EB3D00D0E304 /* iWeather.app */;
			productType = "com.apple.product-type.application";
		};
		86A4659C29A4EB3F00D0E304 /* iWeatherTests */ = {
			isa = PBXNativeTarget;
			buildConfigurationList = 86A465B429A4EB3F00D0E304 /* Build configuration list for PBXNativeTarget "iWeatherTests" */;
			buildPhases = (
				86A4659929A4EB3F00D0E304 /* Sources */,
				86A4659A29A4EB3F00D0E304 /* Frameworks */,
				86A4659B29A4EB3F00D0E304 /* Resources */,
			);
			buildRules = (
			);
			dependencies = (
				86A4659F29A4EB3F00D0E304 /* PBXTargetDependency */,
			);
			name = iWeatherTests;
			productName = iWeatherTests;
			productReference = 86A4659D29A4EB3F00D0E304 /* iWeatherTests.xctest */;
			productType = "com.apple.product-type.bundle.unit-test";
		};
		86A465A629A4EB3F00D0E304 /* iWeatherUITests */ = {
			isa = PBXNativeTarget;
			buildConfigurationList = 86A465B729A4EB3F00D0E304 /* Build configuration list for PBXNativeTarget "iWeatherUITests" */;
			buildPhases = (
				86A465A329A4EB3F00D0E304 /* Sources */,
				86A465A429A4EB3F00D0E304 /* Frameworks */,
				86A465A529A4EB3F00D0E304 /* Resources */,
			);
			buildRules = (
			);
			dependencies = (
				86A465A929A4EB3F00D0E304 /* PBXTargetDependency */,
			);
			name = iWeatherUITests;
			productName = iWeatherUITests;
			productReference = 86A465A729A4EB3F00D0E304 /* iWeatherUITests.xctest */;
			productType = "com.apple.product-type.bundle.ui-testing";
		};
/* End PBXNativeTarget section */

/* Begin PBXProject section */
		86A4658529A4EB3C00D0E304 /* Project object */ = {
			isa = PBXProject;
			attributes = {
				BuildIndependentTargetsInParallel = 1;
				LastSwiftUpdateCheck = 1400;
				LastUpgradeCheck = 1400;
				TargetAttributes = {
					86A4658C29A4EB3D00D0E304 = {
						CreatedOnToolsVersion = 14.0;
					};
					86A4659C29A4EB3F00D0E304 = {
						CreatedOnToolsVersion = 14.0;
						TestTargetID = 86A4658C29A4EB3D00D0E304;
					};
					86A465A629A4EB3F00D0E304 = {
						CreatedOnToolsVersion = 14.0;
						TestTargetID = 86A4658C29A4EB3D00D0E304;
					};
				};
			};
			buildConfigurationList = 86A4658829A4EB3C00D0E304 /* Build configuration list for PBXProject "iWeather" */;
			compatibilityVersion = "Xcode 14.0";
			developmentRegion = en;
			hasScannedForEncodings = 0;
			knownRegions = (
				en,
				Base,
			);
			mainGroup = 86A4658429A4EB3C00D0E304;
			productRefGroup = 86A4658E29A4EB3D00D0E304 /* Products */;
			projectDirPath = "";
			projectRoot = "";
			targets = (
				86A4658C29A4EB3D00D0E304 /* iWeather */,
				86A4659C29A4EB3F00D0E304 /* iWeatherTests */,
				86A465A629A4EB3F00D0E304 /* iWeatherUITests */,
			);
		};
/* End PBXProject section */

/* Begin PBXResourcesBuildPhase section */
		86A4658B29A4EB3D00D0E304 /* Resources */ = {
			isa = PBXResourcesBuildPhase;
			buildActionMask = 2147483647;
			files = (
				86A4659829A4EB3F00D0E304 /* Preview Assets.xcassets in Resources */,
				86A4659529A4EB3F00D0E304 /* Assets.xcassets in Resources */,
			);
			runOnlyForDeploymentPostprocessing = 0;
		};
		86A4659B29A4EB3F00D0E304 /* Resources */ = {
			isa = PBXResourcesBuildPhase;
			buildActionMask = 2147483647;
			files = (
			);
			runOnlyForDeploymentPostprocessing = 0;
		};
		86A465A529A4EB3F00D0E304 /* Resources */ = {
			isa = PBXResourcesBuildPhase;
			buildActionMask = 2147483647;
			files = (
			);
			runOnlyForDeploymentPostprocessing = 0;
		};
/* End PBXResourcesBuildPhase section */

/* Begin PBXSourcesBuildPhase section */
		86A4658929A4EB3D00D0E304 /* Sources */ = {
			isa = PBXSourcesBuildPhase;
			buildActionMask = 2147483647;
			files = (
				86A465C729A4F9C200D0E304 /* LocationService.swift in Sources */,
				86A465C329A4F47C00D0E304 /* WeatherView.swift in Sources */,
				86A465C529A4F48800D0E304 /* WeatherViewModel.swift in Sources */,
				86A4659329A4EB3D00D0E304 /* ContentView.swift in Sources */,
				86EE24BE29B61CDF00F845C9 /* PausableSubscriber.swift in Sources */,
				86A465BE29A4EBB100D0E304 /* WeatherModel.swift in Sources */,
				86A465C129A4EE4400D0E304 /* NetworkService.swift in Sources */,
				86A4659129A4EB3D00D0E304 /* iWeatherApp.swift in Sources */,
				86EE24BB29B5F80300F845C9 /* Extension.swift in Sources */,
				86EE24C129B61D6B00F845C9 /* NetworkError.swift in Sources */,
			);
			runOnlyForDeploymentPostprocessing = 0;
		};
		86A4659929A4EB3F00D0E304 /* Sources */ = {
			isa = PBXSourcesBuildPhase;
			buildActionMask = 2147483647;
			files = (
			);
			runOnlyForDeploymentPostprocessing = 0;
		};
		86A465A329A4EB3F00D0E304 /* Sources */ = {
			isa = PBXSourcesBuildPhase;
			buildActionMask = 2147483647;
			files = (
			);
			runOnlyForDeploymentPostprocessing = 0;
		};
/* End PBXSourcesBuildPhase section */

/* Begin PBXTargetDependency section */
		86A4659F29A4EB3F00D0E304 /* PBXTargetDependency */ = {
			isa = PBXTargetDependency;
			target = 86A4658C29A4EB3D00D0E304 /* iWeather */;
			targetProxy = 86A4659E29A4EB3F00D0E304 /* PBXContainerItemProxy */;
		};
		86A465A929A4EB3F00D0E304 /* PBXTargetDependency */ = {
			isa = PBXTargetDependency;
			target = 86A4658C29A4EB3D00D0E304 /* iWeather */;
			targetProxy = 86A465A829A4EB3F00D0E304 /* PBXContainerItemProxy */;
		};
/* End PBXTargetDependency section */

/* Begin XCBuildConfiguration section */
		86A465AF29A4EB3F00D0E304 /* Debug */ = {
			isa = XCBuildConfiguration;
			buildSettings = {
				ALWAYS_SEARCH_USER_PATHS = NO;
				CLANG_ANALYZER_NONNULL = YES;
				CLANG_ANALYZER_NUMBER_OBJECT_CONVERSION = YES_AGGRESSIVE;
				CLANG_CXX_LANGUAGE_STANDARD = "gnu++20";
				CLANG_ENABLE_MODULES = YES;
				CLANG_ENABLE_OBJC_ARC = YES;
				CLANG_ENABLE_OBJC_WEAK = YES;
				CLANG_WARN_BLOCK_CAPTURE_AUTORELEASING = YES;
				CLANG_WARN_BOOL_CONVERSION = YES;
				CLANG_WARN_COMMA = YES;
				CLANG_WARN_CONSTANT_CONVERSION = YES;
				CLANG_WARN_DEPRECATED_OBJC_IMPLEMENTATIONS = YES;
				CLANG_WARN_DIRECT_OBJC_ISA_USAGE = YES_ERROR;
				CLANG_WARN_DOCUMENTATION_COMMENTS = YES;
				CLANG_WARN_EMPTY_BODY = YES;
				CLANG_WARN_ENUM_CONVERSION = YES;
				CLANG_WARN_INFINITE_RECURSION = YES;
				CLANG_WARN_INT_CONVERSION = YES;
				CLANG_WARN_NON_LITERAL_NULL_CONVERSION = YES;
				CLANG_WARN_OBJC_IMPLICIT_RETAIN_SELF = YES;
				CLANG_WARN_OBJC_LITERAL_CONVERSION = YES;
				CLANG_WARN_OBJC_ROOT_CLASS = YES_ERROR;
				CLANG_WARN_QUOTED_INCLUDE_IN_FRAMEWORK_HEADER = YES;
				CLANG_WARN_RANGE_LOOP_ANALYSIS = YES;
				CLANG_WARN_STRICT_PROTOTYPES = YES;
				CLANG_WARN_SUSPICIOUS_MOVE = YES;
				CLANG_WARN_UNGUARDED_AVAILABILITY = YES_AGGRESSIVE;
				CLANG_WARN_UNREACHABLE_CODE = YES;
				CLANG_WARN__DUPLICATE_METHOD_MATCH = YES;
				COPY_PHASE_STRIP = NO;
				DEBUG_INFORMATION_FORMAT = dwarf;
				ENABLE_STRICT_OBJC_MSGSEND = YES;
				ENABLE_TESTABILITY = YES;
				GCC_C_LANGUAGE_STANDARD = gnu11;
				GCC_DYNAMIC_NO_PIC = NO;
				GCC_NO_COMMON_BLOCKS = YES;
				GCC_OPTIMIZATION_LEVEL = 0;
				GCC_PREPROCESSOR_DEFINITIONS = (
					"DEBUG=1",
					"$(inherited)",
				);
				GCC_WARN_64_TO_32_BIT_CONVERSION = YES;
				GCC_WARN_ABOUT_RETURN_TYPE = YES_ERROR;
				GCC_WARN_UNDECLARED_SELECTOR = YES;
				GCC_WARN_UNINITIALIZED_AUTOS = YES_AGGRESSIVE;
				GCC_WARN_UNUSED_FUNCTION = YES;
				GCC_WARN_UNUSED_VARIABLE = YES;
				IPHONEOS_DEPLOYMENT_TARGET = 16.0;
				MTL_ENABLE_DEBUG_INFO = INCLUDE_SOURCE;
				MTL_FAST_MATH = YES;
				ONLY_ACTIVE_ARCH = YES;
				SDKROOT = iphoneos;
				SWIFT_ACTIVE_COMPILATION_CONDITIONS = DEBUG;
				SWIFT_OPTIMIZATION_LEVEL = "-Onone";
			};
			name = Debug;
		};
		86A465B029A4EB3F00D0E304 /* Release */ = {
			isa = XCBuildConfiguration;
			buildSettings = {
				ALWAYS_SEARCH_USER_PATHS = NO;
				CLANG_ANALYZER_NONNULL = YES;
				CLANG_ANALYZER_NUMBER_OBJECT_CONVERSION = YES_AGGRESSIVE;
				CLANG_CXX_LANGUAGE_STANDARD = "gnu++20";
				CLANG_ENABLE_MODULES = YES;
				CLANG_ENABLE_OBJC_ARC = YES;
				CLANG_ENABLE_OBJC_WEAK = YES;
				CLANG_WARN_BLOCK_CAPTURE_AUTORELEASING = YES;
				CLANG_WARN_BOOL_CONVERSION = YES;
				CLANG_WARN_COMMA = YES;
				CLANG_WARN_CONSTANT_CONVERSION = YES;
				CLANG_WARN_DEPRECATED_OBJC_IMPLEMENTATIONS = YES;
				CLANG_WARN_DIRECT_OBJC_ISA_USAGE = YES_ERROR;
				CLANG_WARN_DOCUMENTATION_COMMENTS = YES;
				CLANG_WARN_EMPTY_BODY = YES;
				CLANG_WARN_ENUM_CONVERSION = YES;
				CLANG_WARN_INFINITE_RECURSION = YES;
				CLANG_WARN_INT_CONVERSION = YES;
				CLANG_WARN_NON_LITERAL_NULL_CONVERSION = YES;
				CLANG_WARN_OBJC_IMPLICIT_RETAIN_SELF = YES;
				CLANG_WARN_OBJC_LITERAL_CONVERSION = YES;
				CLANG_WARN_OBJC_ROOT_CLASS = YES_ERROR;
				CLANG_WARN_QUOTED_INCLUDE_IN_FRAMEWORK_HEADER = YES;
				CLANG_WARN_RANGE_LOOP_ANALYSIS = YES;
				CLANG_WARN_STRICT_PROTOTYPES = YES;
				CLANG_WARN_SUSPICIOUS_MOVE = YES;
				CLANG_WARN_UNGUARDED_AVAILABILITY = YES_AGGRESSIVE;
				CLANG_WARN_UNREACHABLE_CODE = YES;
				CLANG_WARN__DUPLICATE_METHOD_MATCH = YES;
				COPY_PHASE_STRIP = NO;
				DEBUG_INFORMATION_FORMAT = "dwarf-with-dsym";
				ENABLE_NS_ASSERTIONS = NO;
				ENABLE_STRICT_OBJC_MSGSEND = YES;
				GCC_C_LANGUAGE_STANDARD = gnu11;
				GCC_NO_COMMON_BLOCKS = YES;
				GCC_WARN_64_TO_32_BIT_CONVERSION = YES;
				GCC_WARN_ABOUT_RETURN_TYPE = YES_ERROR;
				GCC_WARN_UNDECLARED_SELECTOR = YES;
				GCC_WARN_UNINITIALIZED_AUTOS = YES_AGGRESSIVE;
				GCC_WARN_UNUSED_FUNCTION = YES;
				GCC_WARN_UNUSED_VARIABLE = YES;
				IPHONEOS_DEPLOYMENT_TARGET = 16.0;
				MTL_ENABLE_DEBUG_INFO = NO;
				MTL_FAST_MATH = YES;
				SDKROOT = iphoneos;
				SWIFT_COMPILATION_MODE = wholemodule;
				SWIFT_OPTIMIZATION_LEVEL = "-O";
				VALIDATE_PRODUCT = YES;
			};
			name = Release;
		};
		86A465B229A4EB3F00D0E304 /* Debug */ = {
			isa = XCBuildConfiguration;
			buildSettings = {
				ASSETCATALOG_COMPILER_APPICON_NAME = AppIcon;
				ASSETCATALOG_COMPILER_GLOBAL_ACCENT_COLOR_NAME = AccentColor;
				CODE_SIGN_STYLE = Automatic;
				CURRENT_PROJECT_VERSION = 1;
				DEVELOPMENT_ASSET_PATHS = "\"iWeather/Preview Content\"";
				DEVELOPMENT_TEAM = 7RQ87S3853;
				ENABLE_PREVIEWS = YES;
				GENERATE_INFOPLIST_FILE = YES;
				INFOPLIST_FILE = iWeather/Info.plist;
				INFOPLIST_KEY_UIApplicationSceneManifest_Generation = YES;
				INFOPLIST_KEY_UIApplicationSupportsIndirectInputEvents = YES;
				INFOPLIST_KEY_UILaunchScreen_Generation = YES;
				INFOPLIST_KEY_UISupportedInterfaceOrientations_iPad = "UIInterfaceOrientationPortrait UIInterfaceOrientationPortraitUpsideDown UIInterfaceOrientationLandscapeLeft UIInterfaceOrientationLandscapeRight";
				INFOPLIST_KEY_UISupportedInterfaceOrientations_iPhone = "UIInterfaceOrientationPortrait UIInterfaceOrientationLandscapeLeft UIInterfaceOrientationLandscapeRight";
				LD_RUNPATH_SEARCH_PATHS = (
					"$(inherited)",
					"@executable_path/Frameworks",
				);
				MARKETING_VERSION = 1.0;
				PRODUCT_BUNDLE_IDENTIFIER = HKtechnologies.iWeather;
				PRODUCT_NAME = "$(TARGET_NAME)";
				SWIFT_EMIT_LOC_STRINGS = YES;
				SWIFT_VERSION = 5.0;
				TARGETED_DEVICE_FAMILY = "1,2";
			};
			name = Debug;
		};
		86A465B329A4EB3F00D0E304 /* Release */ = {
			isa = XCBuildConfiguration;
			buildSettings = {
				ASSETCATALOG_COMPILER_APPICON_NAME = AppIcon;
				ASSETCATALOG_COMPILER_GLOBAL_ACCENT_COLOR_NAME = AccentColor;
				CODE_SIGN_STYLE = Automatic;
				CURRENT_PROJECT_VERSION = 1;
				DEVELOPMENT_ASSET_PATHS = "\"iWeather/Preview Content\"";
				DEVELOPMENT_TEAM = 7RQ87S3853;
				ENABLE_PREVIEWS = YES;
				GENERATE_INFOPLIST_FILE = YES;
				INFOPLIST_FILE = iWeather/Info.plist;
				INFOPLIST_KEY_UIApplicationSceneManifest_Generation = YES;
				INFOPLIST_KEY_UIApplicationSupportsIndirectInputEvents = YES;
				INFOPLIST_KEY_UILaunchScreen_Generation = YES;
				INFOPLIST_KEY_UISupportedInterfaceOrientations_iPad = "UIInterfaceOrientationPortrait UIInterfaceOrientationPortraitUpsideDown UIInterfaceOrientationLandscapeLeft UIInterfaceOrientationLandscapeRight";
				INFOPLIST_KEY_UISupportedInterfaceOrientations_iPhone = "UIInterfaceOrientationPortrait UIInterfaceOrientationLandscapeLeft UIInterfaceOrientationLandscapeRight";
				LD_RUNPATH_SEARCH_PATHS = (
					"$(inherited)",
					"@executable_path/Frameworks",
				);
				MARKETING_VERSION = 1.0;
				PRODUCT_BUNDLE_IDENTIFIER = HKtechnologies.iWeather;
				PRODUCT_NAME = "$(TARGET_NAME)";
				SWIFT_EMIT_LOC_STRINGS = YES;
				SWIFT_VERSION = 5.0;
				TARGETED_DEVICE_FAMILY = "1,2";
			};
			name = Release;
		};
		86A465B529A4EB3F00D0E304 /* Debug */ = {
			isa = XCBuildConfiguration;
			buildSettings = {
				ALWAYS_EMBED_SWIFT_STANDARD_LIBRARIES = YES;
				BUNDLE_LOADER = "$(TEST_HOST)";
				CODE_SIGN_STYLE = Automatic;
				CURRENT_PROJECT_VERSION = 1;
				DEVELOPMENT_TEAM = 7RQ87S3853;
				GENERATE_INFOPLIST_FILE = YES;
				IPHONEOS_DEPLOYMENT_TARGET = 16.0;
				MARKETING_VERSION = 1.0;
				PRODUCT_BUNDLE_IDENTIFIER = HKtechnologies.iWeatherTests;
				PRODUCT_NAME = "$(TARGET_NAME)";
				SWIFT_EMIT_LOC_STRINGS = NO;
				SWIFT_VERSION = 5.0;
				TARGETED_DEVICE_FAMILY = "1,2";
				TEST_HOST = "$(BUILT_PRODUCTS_DIR)/iWeather.app/$(BUNDLE_EXECUTABLE_FOLDER_PATH)/iWeather";
			};
			name = Debug;
		};
		86A465B629A4EB3F00D0E304 /* Release */ = {
			isa = XCBuildConfiguration;
			buildSettings = {
				ALWAYS_EMBED_SWIFT_STANDARD_LIBRARIES = YES;
				BUNDLE_LOADER = "$(TEST_HOST)";
				CODE_SIGN_STYLE = Automatic;
				CURRENT_PROJECT_VERSION = 1;
				DEVELOPMENT_TEAM = 7RQ87S3853;
				GENERATE_INFOPLIST_FILE = YES;
				IPHONEOS_DEPLOYMENT_TARGET = 16.0;
				MARKETING_VERSION = 1.0;
				PRODUCT_BUNDLE_IDENTIFIER = HKtechnologies.iWeatherTests;
				PRODUCT_NAME = "$(TARGET_NAME)";
				SWIFT_EMIT_LOC_STRINGS = NO;
				SWIFT_VERSION = 5.0;
				TARGETED_DEVICE_FAMILY = "1,2";
				TEST_HOST = "$(BUILT_PRODUCTS_DIR)/iWeather.app/$(BUNDLE_EXECUTABLE_FOLDER_PATH)/iWeather";
			};
			name = Release;
		};
		86A465B829A4EB3F00D0E304 /* Debug */ = {
			isa = XCBuildConfiguration;
			buildSettings = {
				ALWAYS_EMBED_SWIFT_STANDARD_LIBRARIES = YES;
				CODE_SIGN_STYLE = Automatic;
				CURRENT_PROJECT_VERSION = 1;
				DEVELOPMENT_TEAM = 7RQ87S3853;
				GENERATE_INFOPLIST_FILE = YES;
				MARKETING_VERSION = 1.0;
				PRODUCT_BUNDLE_IDENTIFIER = HKtechnologies.iWeatherUITests;
				PRODUCT_NAME = "$(TARGET_NAME)";
				SWIFT_EMIT_LOC_STRINGS = NO;
				SWIFT_VERSION = 5.0;
				TARGETED_DEVICE_FAMILY = "1,2";
				TEST_TARGET_NAME = iWeather;
			};
			name = Debug;
		};
		86A465B929A4EB3F00D0E304 /* Release */ = {
			isa = XCBuildConfiguration;
			buildSettings = {
				ALWAYS_EMBED_SWIFT_STANDARD_LIBRARIES = YES;
				CODE_SIGN_STYLE = Automatic;
				CURRENT_PROJECT_VERSION = 1;
				DEVELOPMENT_TEAM = 7RQ87S3853;
				GENERATE_INFOPLIST_FILE = YES;
				MARKETING_VERSION = 1.0;
				PRODUCT_BUNDLE_IDENTIFIER = HKtechnologies.iWeatherUITests;
				PRODUCT_NAME = "$(TARGET_NAME)";
				SWIFT_EMIT_LOC_STRINGS = NO;
				SWIFT_VERSION = 5.0;
				TARGETED_DEVICE_FAMILY = "1,2";
				TEST_TARGET_NAME = iWeather;
			};
			name = Release;
		};
/* End XCBuildConfiguration section */

/* Begin XCConfigurationList section */
		86A4658829A4EB3C00D0E304 /* Build configuration list for PBXProject "iWeather" */ = {
			isa = XCConfigurationList;
			buildConfigurations = (
				86A465AF29A4EB3F00D0E304 /* Debug */,
				86A465B029A4EB3F00D0E304 /* Release */,
			);
			defaultConfigurationIsVisible = 0;
			defaultConfigurationName = Release;
		};
		86A465B129A4EB3F00D0E304 /* Build configuration list for PBXNativeTarget "iWeather" */ = {
			isa = XCConfigurationList;
			buildConfigurations = (
				86A465B229A4EB3F00D0E304 /* Debug */,
				86A465B329A4EB3F00D0E304 /* Release */,
			);
			defaultConfigurationIsVisible = 0;
			defaultConfigurationName = Release;
		};
		86A465B429A4EB3F00D0E304 /* Build configuration list for PBXNativeTarget "iWeatherTests" */ = {
			isa = XCConfigurationList;
			buildConfigurations = (
				86A465B529A4EB3F00D0E304 /* Debug */,
				86A465B629A4EB3F00D0E304 /* Release */,
			);
			defaultConfigurationIsVisible = 0;
			defaultConfigurationName = Release;
		};
		86A465B729A4EB3F00D0E304 /* Build configuration list for PBXNativeTarget "iWeatherUITests" */ = {
			isa = XCConfigurationList;
			buildConfigurations = (
				86A465B829A4EB3F00D0E304 /* Debug */,
				86A465B929A4EB3F00D0E304 /* Release */,
			);
			defaultConfigurationIsVisible = 0;
			defaultConfigurationName = Release;
		};
/* End XCConfigurationList section */
	};
	rootObject = 86A4658529A4EB3C00D0E304 /* Project object */;
}
